Microsoft Visual Studio Solution File, Format Version 12.00
# Visual Studio Version 17
VisualStudioVersion = 17.5.2.0
MinimumVisualStudioVersion = 10.0.40219.1
Project("{FAE04EC0-301F-11D3-BF4B-00C04F79EFBC}") = "zgame", "zgame.csproj", "{6CB4CE0F-BC87-A226-2FD5-3FAB5CD9874A}"
EndProject
Global
	GlobalSection(SolutionConfigurationPlatforms) = preSolution
		Debug|Any CPU = Debug|Any CPU
		Release|Any CPU = Release|Any CPU
	EndGlobalSection
	GlobalSection(ProjectConfigurationPlatforms) = postSolution
		{6CB4CE0F-BC87-A226-2FD5-3FAB5CD9874A}.Debug|Any CPU.ActiveCfg = Debug|Any CPU
		{6CB4CE0F-BC87-A226-2FD5-3FAB5CD9874A}.Debug|Any CPU.Build.0 = Debug|Any CPU
		{6CB4CE0F-BC87-A226-2FD5-3FAB5CD9874A}.Release|Any CPU.ActiveCfg = Release|Any CPU
		{6CB4CE0F-BC87-A226-2FD5-3FAB5CD9874A}.Release|Any CPU.Build.0 = Release|Any CPU
	EndGlobalSection
	GlobalSection(SolutionProperties) = preSolution
		HideSolutionNode = FALSE
	EndGlobalSection
	GlobalSection(ExtensibilityGlobals) = postSolution
		SolutionGuid = {C78947E6-94D9-4AD2-AF19-A2F4196105A0}
	EndGlobalSection
EndGlobal
